
Microsoft Visual Studio Solution File, Format Version 12.00
# Visual Studio Version 17
VisualStudioVersion = 17.14.36717.8
MinimumVisualStudioVersion = 10.0.40219.1
Project("{FAE04EC0-301F-11D3-BF4B-00C04F79EFBC}") = "Factory", "Factory\Factory.csproj", "{3003F305-84DE-41F7-99D7-A090A9826E72}"
EndProject
Project("{FAE04EC0-301F-11D3-BF4B-00C04F79EFBC}") = "AbstractFactory", "AbstractFactory\AbstractFactory.csproj", "{FC0EEAE1-AA09-4079-A211-7A98DF121193}"
EndProject
Project("{FAE04EC0-301F-11D3-BF4B-00C04F79EFBC}") = "Builder", "Builder\Builder.csproj", "{DC78602A-ED2A-4E7C-8B9F-65AF2A02E5D0}"
EndProject
Project("{FAE04EC0-301F-11D3-BF4B-00C04F79EFBC}") = "Prototype", "Prototype\Prototype.csproj", "{83EA2357-4ADC-41C6-B137-66EA9300ACC4}"
EndProject
Project("{FAE04EC0-301F-11D3-BF4B-00C04F79EFBC}") = "Adapter", "Adapter\Adapter.csproj", "{3E3418DF-E8AF-4E7F-8BCE-D598A03C60A7}"
EndProject
Project("{FAE04EC0-301F-11D3-BF4B-00C04F79EFBC}") = "Bridge", "Bridge\Bridge.csproj", "{8B1709D3-5B9A-4F86-9ABE-EA658E8C3AE3}"
EndProject
Project("{2150E333-8FDC-42A3-9474-1A3956D46DE8}") = "Creacionales", "Creacionales", "{02EA681E-C7D8-13C7-8484-4AC65E1B71E8}"
EndProject
Project("{2150E333-8FDC-42A3-9474-1A3956D46DE8}") = "Estructurales", "Estructurales", "{302BEB30-DAD6-451C-9D46-CBDE06BCCCD2}"
EndProject
Project("{FAE04EC0-301F-11D3-BF4B-00C04F79EFBC}") = "Composite", "Composite\Composite.csproj", "{AA063BB7-C649-4E8D-A431-10E40AE9CA3C}"
EndProject
Project("{FAE04EC0-301F-11D3-BF4B-00C04F79EFBC}") = "Decorator", "Decorator\Decorator.csproj", "{050988C9-3367-4B7D-90D3-9617610D7E10}"
EndProject
Project("{FAE04EC0-301F-11D3-BF4B-00C04F79EFBC}") = "Facade", "Facade\Facade.csproj", "{0A69CA2A-7C61-423B-B638-6A2CCF0488A6}"
EndProject
Project("{FAE04EC0-301F-11D3-BF4B-00C04F79EFBC}") = "FlyWeight", "FlyWeight\FlyWeight.csproj", "{64E2815B-808C-4F1B-8155-CF859DCE61D1}"
EndProject
Project("{FAE04EC0-301F-11D3-BF4B-00C04F79EFBC}") = "Proxy", "Proxy\Proxy.csproj", "{0F2F79AE-7D2E-46C2-94C6-FCD3C76ABE5A}"
EndProject
Global
	GlobalSection(SolutionConfigurationPlatforms) = preSolution
		Debug|Any CPU = Debug|Any CPU
		Release|Any CPU = Release|Any CPU
	EndGlobalSection
	GlobalSection(ProjectConfigurationPlatforms) = postSolution
		{3003F305-84DE-41F7-99D7-A090A9826E72}.Debug|Any CPU.ActiveCfg = Debug|Any CPU
		{3003F305-84DE-41F7-99D7-A090A9826E72}.Debug|Any CPU.Build.0 = Debug|Any CPU
		{3003F305-84DE-41F7-99D7-A090A9826E72}.Release|Any CPU.ActiveCfg = Release|Any CPU
		{3003F305-84DE-41F7-99D7-A090A9826E72}.Release|Any CPU.Build.0 = Release|Any CPU
		{FC0EEAE1-AA09-4079-A211-7A98DF121193}.Debug|Any CPU.ActiveCfg = Debug|Any CPU
		{FC0EEAE1-AA09-4079-A211-7A98DF121193}.Debug|Any CPU.Build.0 = Debug|Any CPU
		{FC0EEAE1-AA09-4079-A211-7A98DF121193}.Release|Any CPU.ActiveCfg = Release|Any CPU
		{FC0EEAE1-AA09-4079-A211-7A98DF121193}.Release|Any CPU.Build.0 = Release|Any CPU
		{DC78602A-ED2A-4E7C-8B9F-65AF2A02E5D0}.Debug|Any CPU.ActiveCfg = Debug|Any CPU
		{DC78602A-ED2A-4E7C-8B9F-65AF2A02E5D0}.Debug|Any CPU.Build.0 = Debug|Any CPU
		{DC78602A-ED2A-4E7C-8B9F-65AF2A02E5D0}.Release|Any CPU.ActiveCfg = Release|Any CPU
		{DC78602A-ED2A-4E7C-8B9F-65AF2A02E5D0}.Release|Any CPU.Build.0 = Release|Any CPU
		{83EA2357-4ADC-41C6-B137-66EA9300ACC4}.Debug|Any CPU.ActiveCfg = Debug|Any CPU
		{83EA2357-4ADC-41C6-B137-66EA9300ACC4}.Debug|Any CPU.Build.0 = Debug|Any CPU
		{83EA2357-4ADC-41C6-B137-66EA9300ACC4}.Release|Any CPU.ActiveCfg = Release|Any CPU
		{83EA2357-4ADC-41C6-B137-66EA9300ACC4}.Release|Any CPU.Build.0 = Release|Any CPU
		{3E3418DF-E8AF-4E7F-8BCE-D598A03C60A7}.Debug|Any CPU.ActiveCfg = Debug|Any CPU
		{3E3418DF-E8AF-4E7F-8BCE-D598A03C60A7}.Debug|Any CPU.Build.0 = Debug|Any CPU
		{3E3418DF-E8AF-4E7F-8BCE-D598A03C60A7}.Release|Any CPU.ActiveCfg = Release|Any CPU
		{3E3418DF-E8AF-4E7F-8BCE-D598A03C60A7}.Release|Any CPU.Build.0 = Release|Any CPU
		{8B1709D3-5B9A-4F86-9ABE-EA658E8C3AE3}.Debug|Any CPU.ActiveCfg = Debug|Any CPU
		{8B1709D3-5B9A-4F86-9ABE-EA658E8C3AE3}.Debug|Any CPU.Build.0 = Debug|Any CPU
		{8B1709D3-5B9A-4F86-9ABE-EA658E8C3AE3}.Release|Any CPU.ActiveCfg = Release|Any CPU
		{8B1709D3-5B9A-4F86-9ABE-EA658E8C3AE3}.Release|Any CPU.Build.0 = Release|Any CPU
		{AA063BB7-C649-4E8D-A431-10E40AE9CA3C}.Debug|Any CPU.ActiveCfg = Debug|Any CPU
		{AA063BB7-C649-4E8D-A431-10E40AE9CA3C}.Debug|Any CPU.Build.0 = Debug|Any CPU
		{AA063BB7-C649-4E8D-A431-10E40AE9CA3C}.Release|Any CPU.ActiveCfg = Release|Any CPU
		{AA063BB7-C649-4E8D-A431-10E40AE9CA3C}.Release|Any CPU.Build.0 = Release|Any CPU
		{050988C9-3367-4B7D-90D3-9617610D7E10}.Debug|Any CPU.ActiveCfg = Debug|Any CPU
		{050988C9-3367-4B7D-90D3-9617610D7E10}.Debug|Any CPU.Build.0 = Debug|Any CPU
		{050988C9-3367-4B7D-90D3-9617610D7E10}.Release|Any CPU.ActiveCfg = Release|Any CPU
		{050988C9-3367-4B7D-90D3-9617610D7E10}.Release|Any CPU.Build.0 = Release|Any CPU
		{0A69CA2A-7C61-423B-B638-6A2CCF0488A6}.Debug|Any CPU.ActiveCfg = Debug|Any CPU
		{0A69CA2A-7C61-423B-B638-6A2CCF0488A6}.Debug|Any CPU.Build.0 = Debug|Any CPU
		{0A69CA2A-7C61-423B-B638-6A2CCF0488A6}.Release|Any CPU.ActiveCfg = Release|Any CPU
		{0A69CA2A-7C61-423B-B638-6A2CCF0488A6}.Release|Any CPU.Build.0 = Release|Any CPU
		{64E2815B-808C-4F1B-8155-CF859DCE61D1}.Debug|Any CPU.ActiveCfg = Debug|Any CPU
		{64E2815B-808C-4F1B-8155-CF859DCE61D1}.Debug|Any CPU.Build.0 = Debug|Any CPU
		{64E2815B-808C-4F1B-8155-CF859DCE61D1}.Release|Any CPU.ActiveCfg = Release|Any CPU
		{64E2815B-808C-4F1B-8155-CF859DCE61D1}.Release|Any CPU.Build.0 = Release|Any CPU
		{0F2F79AE-7D2E-46C2-94C6-FCD3C76ABE5A}.Debug|Any CPU.ActiveCfg = Debug|Any CPU
		{0F2F79AE-7D2E-46C2-94C6-FCD3C76ABE5A}.Debug|Any CPU.Build.0 = Debug|Any CPU
		{0F2F79AE-7D2E-46C2-94C6-FCD3C76ABE5A}.Release|Any CPU.ActiveCfg = Release|Any CPU
		{0F2F79AE-7D2E-46C2-94C6-FCD3C76ABE5A}.Release|Any CPU.Build.0 = Release|Any CPU
	EndGlobalSection
	GlobalSection(SolutionProperties) = preSolution
		HideSolutionNode = FALSE
	EndGlobalSection
	GlobalSection(NestedProjects) = preSolution
		{3003F305-84DE-41F7-99D7-A090A9826E72} = {02EA681E-C7D8-13C7-8484-4AC65E1B71E8}
		{FC0EEAE1-AA09-4079-A211-7A98DF121193} = {02EA681E-C7D8-13C7-8484-4AC65E1B71E8}
		{DC78602A-ED2A-4E7C-8B9F-65AF2A02E5D0} = {02EA681E-C7D8-13C7-8484-4AC65E1B71E8}
		{83EA2357-4ADC-41C6-B137-66EA9300ACC4} = {02EA681E-C7D8-13C7-8484-4AC65E1B71E8}
		{3E3418DF-E8AF-4E7F-8BCE-D598A03C60A7} = {302BEB30-DAD6-451C-9D46-CBDE06BCCCD2}
		{8B1709D3-5B9A-4F86-9ABE-EA658E8C3AE3} = {302BEB30-DAD6-451C-9D46-CBDE06BCCCD2}
		{AA063BB7-C649-4E8D-A431-10E40AE9CA3C} = {302BEB30-DAD6-451C-9D46-CBDE06BCCCD2}
		{050988C9-3367-4B7D-90D3-9617610D7E10} = {302BEB30-DAD6-451C-9D46-CBDE06BCCCD2}
		{0A69CA2A-7C61-423B-B638-6A2CCF0488A6} = {302BEB30-DAD6-451C-9D46-CBDE06BCCCD2}
		{64E2815B-808C-4F1B-8155-CF859DCE61D1} = {302BEB30-DAD6-451C-9D46-CBDE06BCCCD2}
		{0F2F79AE-7D2E-46C2-94C6-FCD3C76ABE5A} = {302BEB30-DAD6-451C-9D46-CBDE06BCCCD2}
	EndGlobalSection
	GlobalSection(ExtensibilityGlobals) = postSolution
		SolutionGuid = {AA0288CB-893E-454B-85B4-19E7FAAAB2E0}
	EndGlobalSection
EndGlobal
