
Microsoft Visual Studio Solution File, Format Version 12.00
# Visual Studio Version 17
VisualStudioVersion = 17.14.36717.8
MinimumVisualStudioVersion = 10.0.40219.1
Project("{FAE04EC0-301F-11D3-BF4B-00C04F79EFBC}") = "Factory", "Factory\Factory.csproj", "{3003F305-84DE-41F7-99D7-A090A9826E72}"
EndProject
Project("{FAE04EC0-301F-11D3-BF4B-00C04F79EFBC}") = "AbstractFactory", "AbstractFactory\AbstractFactory.csproj", "{FC0EEAE1-AA09-4079-A211-7A98DF121193}"
EndProject
Project("{FAE04EC0-301F-11D3-BF4B-00C04F79EFBC}") = "Builder", "Builder\Builder.csproj", "{DC78602A-ED2A-4E7C-8B9F-65AF2A02E5D0}"
EndProject
Project("{FAE04EC0-301F-11D3-BF4B-00C04F79EFBC}") = "Prototype", "Prototype\Prototype.csproj", "{83EA2357-4ADC-41C6-B137-66EA9300ACC4}"
EndProject
Project("{FAE04EC0-301F-11D3-BF4B-00C04F79EFBC}") = "Adapter", "Adapter\Adapter.csproj", "{3E3418DF-E8AF-4E7F-8BCE-D598A03C60A7}"
EndProject
Project("{FAE04EC0-301F-11D3-BF4B-00C04F79EFBC}") = "Bridge", "Bridge\Bridge.csproj", "{8B1709D3-5B9A-4F86-9ABE-EA658E8C3AE3}"
EndProject
Project("{2150E333-8FDC-42A3-9474-1A3956D46DE8}") = "Creacionales", "Creacionales", "{02EA681E-C7D8-13C7-8484-4AC65E1B71E8}"
EndProject
Project("{2150E333-8FDC-42A3-9474-1A3956D46DE8}") = "Estructurales", "Estructurales", "{302BEB30-DAD6-451C-9D46-CBDE06BCCCD2}"
EndProject
Project("{FAE04EC0-301F-11D3-BF4B-00C04F79EFBC}") = "Composite", "Composite\Composite.csproj", "{AA063BB7-C649-4E8D-A431-10E40AE9CA3C}"
EndProject
Project("{FAE04EC0-301F-11D3-BF4B-00C04F79EFBC}") = "Decorator", "Decorator\Decorator.csproj", "{050988C9-3367-4B7D-90D3-9617610D7E10}"
EndProject
Project("{FAE04EC0-301F-11D3-BF4B-00C04F79EFBC}") = "Facade", "Facade\Facade.csproj", "{0A69CA2A-7C61-423B-B638-6A2CCF0488A6}"
EndProject
Project("{FAE04EC0-301F-11D3-BF4B-00C04F79EFBC}") = "FlyWeight", "FlyWeight\FlyWeight.csproj", "{64E2815B-808C-4F1B-8155-CF859DCE61D1}"
EndProject
Project("{FAE04EC0-301F-11D3-BF4B-00C04F79EFBC}") = "Proxy", "Proxy\Proxy.csproj", "{0F2F79AE-7D2E-46C2-94C6-FCD3C76ABE5A}"
EndProject
Project("{2150E333-8FDC-42A3-9474-1A3956D46DE8}") = "Comportamiento", "Comportamiento", "{0334067E-DC3B-48FA-8742-1F90F771D2C4}"
EndProject
Project("{FAE04EC0-301F-11D3-BF4B-00C04F79EFBC}") = "ChainOfResponsability", "ChainOfResponsability\ChainOfResponsability.csproj", "{318B4BBA-2F8F-4AA3-ABF3-0B9ABE3ADD4C}"
EndProject
Project("{FAE04EC0-301F-11D3-BF4B-00C04F79EFBC}") = "Command", "Command\Command.csproj", "{E46FD569-26C2-40AB-85FF-736F41BD424F}"
EndProject
Project("{FAE04EC0-301F-11D3-BF4B-00C04F79EFBC}") = "Interpreter", "Interpreter\Interpreter.csproj", "{54B08C3F-1869-434A-8AF9-CAEC2DAD9DB5}"
EndProject
Project("{FAE04EC0-301F-11D3-BF4B-00C04F79EFBC}") = "Iterator", "Iterator\Iterator.csproj", "{3F24B986-FA97-400E-B8D4-BE58C7E451AD}"
EndProject
Project("{FAE04EC0-301F-11D3-BF4B-00C04F79EFBC}") = "Mediator", "Mediator\Mediator.csproj", "{F0788BA9-CE5A-4AD0-82BB-2967797BF0E6}"
EndProject
Project("{2150E333-8FDC-42A3-9474-1A3956D46DE8}") = "Solution Items", "Solution Items", "{1A54F930-9030-4504-A388-819709143D86}"
	ProjectSection(SolutionItems) = preProject
		.editorconfig = .editorconfig
	EndProjectSection
EndProject
Project("{FAE04EC0-301F-11D3-BF4B-00C04F79EFBC}") = "Memento", "Memento\Memento.csproj", "{DB38A4DD-4BFF-41A1-9FC7-E11E31C88DBD}"
EndProject
Project("{FAE04EC0-301F-11D3-BF4B-00C04F79EFBC}") = "Observer", "Observer\Observer.csproj", "{4E157EA8-2448-4241-BEA5-F1275E176350}"
EndProject
Project("{FAE04EC0-301F-11D3-BF4B-00C04F79EFBC}") = "State", "State\State.csproj", "{762095C6-AC45-4C38-925C-3C4934A279C1}"
EndProject
Project("{FAE04EC0-301F-11D3-BF4B-00C04F79EFBC}") = "Strategy", "Strategy\Strategy.csproj", "{3EED2497-824D-4033-B6AD-A4567A29AB41}"
EndProject
Global
	GlobalSection(SolutionConfigurationPlatforms) = preSolution
		Debug|Any CPU = Debug|Any CPU
		Release|Any CPU = Release|Any CPU
	EndGlobalSection
	GlobalSection(ProjectConfigurationPlatforms) = postSolution
		{3003F305-84DE-41F7-99D7-A090A9826E72}.Debug|Any CPU.ActiveCfg = Debug|Any CPU
		{3003F305-84DE-41F7-99D7-A090A9826E72}.Debug|Any CPU.Build.0 = Debug|Any CPU
		{3003F305-84DE-41F7-99D7-A090A9826E72}.Release|Any CPU.ActiveCfg = Release|Any CPU
		{3003F305-84DE-41F7-99D7-A090A9826E72}.Release|Any CPU.Build.0 = Release|Any CPU
		{FC0EEAE1-AA09-4079-A211-7A98DF121193}.Debug|Any CPU.ActiveCfg = Debug|Any CPU
		{FC0EEAE1-AA09-4079-A211-7A98DF121193}.Debug|Any CPU.Build.0 = Debug|Any CPU
		{FC0EEAE1-AA09-4079-A211-7A98DF121193}.Release|Any CPU.ActiveCfg = Release|Any CPU
		{FC0EEAE1-AA09-4079-A211-7A98DF121193}.Release|Any CPU.Build.0 = Release|Any CPU
		{DC78602A-ED2A-4E7C-8B9F-65AF2A02E5D0}.Debug|Any CPU.ActiveCfg = Debug|Any CPU
		{DC78602A-ED2A-4E7C-8B9F-65AF2A02E5D0}.Debug|Any CPU.Build.0 = Debug|Any CPU
		{DC78602A-ED2A-4E7C-8B9F-65AF2A02E5D0}.Release|Any CPU.ActiveCfg = Release|Any CPU
		{DC78602A-ED2A-4E7C-8B9F-65AF2A02E5D0}.Release|Any CPU.Build.0 = Release|Any CPU
		{83EA2357-4ADC-41C6-B137-66EA9300ACC4}.Debug|Any CPU.ActiveCfg = Debug|Any CPU
		{83EA2357-4ADC-41C6-B137-66EA9300ACC4}.Debug|Any CPU.Build.0 = Debug|Any CPU
		{83EA2357-4ADC-41C6-B137-66EA9300ACC4}.Release|Any CPU.ActiveCfg = Release|Any CPU
		{83EA2357-4ADC-41C6-B137-66EA9300ACC4}.Release|Any CPU.Build.0 = Release|Any CPU
		{3E3418DF-E8AF-4E7F-8BCE-D598A03C60A7}.Debug|Any CPU.ActiveCfg = Debug|Any CPU
		{3E3418DF-E8AF-4E7F-8BCE-D598A03C60A7}.Debug|Any CPU.Build.0 = Debug|Any CPU
		{3E3418DF-E8AF-4E7F-8BCE-D598A03C60A7}.Release|Any CPU.ActiveCfg = Release|Any CPU
		{3E3418DF-E8AF-4E7F-8BCE-D598A03C60A7}.Release|Any CPU.Build.0 = Release|Any CPU
		{8B1709D3-5B9A-4F86-9ABE-EA658E8C3AE3}.Debug|Any CPU.ActiveCfg = Debug|Any CPU
		{8B1709D3-5B9A-4F86-9ABE-EA658E8C3AE3}.Debug|Any CPU.Build.0 = Debug|Any CPU
		{8B1709D3-5B9A-4F86-9ABE-EA658E8C3AE3}.Release|Any CPU.ActiveCfg = Release|Any CPU
		{8B1709D3-5B9A-4F86-9ABE-EA658E8C3AE3}.Release|Any CPU.Build.0 = Release|Any CPU
		{AA063BB7-C649-4E8D-A431-10E40AE9CA3C}.Debug|Any CPU.ActiveCfg = Debug|Any CPU
		{AA063BB7-C649-4E8D-A431-10E40AE9CA3C}.Debug|Any CPU.Build.0 = Debug|Any CPU
		{AA063BB7-C649-4E8D-A431-10E40AE9CA3C}.Release|Any CPU.ActiveCfg = Release|Any CPU
		{AA063BB7-C649-4E8D-A431-10E40AE9CA3C}.Release|Any CPU.Build.0 = Release|Any CPU
		{050988C9-3367-4B7D-90D3-9617610D7E10}.Debug|Any CPU.ActiveCfg = Debug|Any CPU
		{050988C9-3367-4B7D-90D3-9617610D7E10}.Debug|Any CPU.Build.0 = Debug|Any CPU
		{050988C9-3367-4B7D-90D3-9617610D7E10}.Release|Any CPU.ActiveCfg = Release|Any CPU
		{050988C9-3367-4B7D-90D3-9617610D7E10}.Release|Any CPU.Build.0 = Release|Any CPU
		{0A69CA2A-7C61-423B-B638-6A2CCF0488A6}.Debug|Any CPU.ActiveCfg = Debug|Any CPU
		{0A69CA2A-7C61-423B-B638-6A2CCF0488A6}.Debug|Any CPU.Build.0 = Debug|Any CPU
		{0A69CA2A-7C61-423B-B638-6A2CCF0488A6}.Release|Any CPU.ActiveCfg = Release|Any CPU
		{0A69CA2A-7C61-423B-B638-6A2CCF0488A6}.Release|Any CPU.Build.0 = Release|Any CPU
		{64E2815B-808C-4F1B-8155-CF859DCE61D1}.Debug|Any CPU.ActiveCfg = Debug|Any CPU
		{64E2815B-808C-4F1B-8155-CF859DCE61D1}.Debug|Any CPU.Build.0 = Debug|Any CPU
		{64E2815B-808C-4F1B-8155-CF859DCE61D1}.Release|Any CPU.ActiveCfg = Release|Any CPU
		{64E2815B-808C-4F1B-8155-CF859DCE61D1}.Release|Any CPU.Build.0 = Release|Any CPU
		{0F2F79AE-7D2E-46C2-94C6-FCD3C76ABE5A}.Debug|Any CPU.ActiveCfg = Debug|Any CPU
		{0F2F79AE-7D2E-46C2-94C6-FCD3C76ABE5A}.Debug|Any CPU.Build.0 = Debug|Any CPU
		{0F2F79AE-7D2E-46C2-94C6-FCD3C76ABE5A}.Release|Any CPU.ActiveCfg = Release|Any CPU
		{0F2F79AE-7D2E-46C2-94C6-FCD3C76ABE5A}.Release|Any CPU.Build.0 = Release|Any CPU
		{318B4BBA-2F8F-4AA3-ABF3-0B9ABE3ADD4C}.Debug|Any CPU.ActiveCfg = Debug|Any CPU
		{318B4BBA-2F8F-4AA3-ABF3-0B9ABE3ADD4C}.Debug|Any CPU.Build.0 = Debug|Any CPU
		{318B4BBA-2F8F-4AA3-ABF3-0B9ABE3ADD4C}.Release|Any CPU.ActiveCfg = Release|Any CPU
		{318B4BBA-2F8F-4AA3-ABF3-0B9ABE3ADD4C}.Release|Any CPU.Build.0 = Release|Any CPU
		{E46FD569-26C2-40AB-85FF-736F41BD424F}.Debug|Any CPU.ActiveCfg = Debug|Any CPU
		{E46FD569-26C2-40AB-85FF-736F41BD424F}.Debug|Any CPU.Build.0 = Debug|Any CPU
		{E46FD569-26C2-40AB-85FF-736F41BD424F}.Release|Any CPU.ActiveCfg = Release|Any CPU
		{E46FD569-26C2-40AB-85FF-736F41BD424F}.Release|Any CPU.Build.0 = Release|Any CPU
		{54B08C3F-1869-434A-8AF9-CAEC2DAD9DB5}.Debug|Any CPU.ActiveCfg = Debug|Any CPU
		{54B08C3F-1869-434A-8AF9-CAEC2DAD9DB5}.Debug|Any CPU.Build.0 = Debug|Any CPU
		{54B08C3F-1869-434A-8AF9-CAEC2DAD9DB5}.Release|Any CPU.ActiveCfg = Release|Any CPU
		{54B08C3F-1869-434A-8AF9-CAEC2DAD9DB5}.Release|Any CPU.Build.0 = Release|Any CPU
		{3F24B986-FA97-400E-B8D4-BE58C7E451AD}.Debug|Any CPU.ActiveCfg = Debug|Any CPU
		{3F24B986-FA97-400E-B8D4-BE58C7E451AD}.Debug|Any CPU.Build.0 = Debug|Any CPU
		{3F24B986-FA97-400E-B8D4-BE58C7E451AD}.Release|Any CPU.ActiveCfg = Release|Any CPU
		{3F24B986-FA97-400E-B8D4-BE58C7E451AD}.Release|Any CPU.Build.0 = Release|Any CPU
		{F0788BA9-CE5A-4AD0-82BB-2967797BF0E6}.Debug|Any CPU.ActiveCfg = Debug|Any CPU
		{F0788BA9-CE5A-4AD0-82BB-2967797BF0E6}.Debug|Any CPU.Build.0 = Debug|Any CPU
		{F0788BA9-CE5A-4AD0-82BB-2967797BF0E6}.Release|Any CPU.ActiveCfg = Release|Any CPU
		{F0788BA9-CE5A-4AD0-82BB-2967797BF0E6}.Release|Any CPU.Build.0 = Release|Any CPU
		{DB38A4DD-4BFF-41A1-9FC7-E11E31C88DBD}.Debug|Any CPU.ActiveCfg = Debug|Any CPU
		{DB38A4DD-4BFF-41A1-9FC7-E11E31C88DBD}.Debug|Any CPU.Build.0 = Debug|Any CPU
		{DB38A4DD-4BFF-41A1-9FC7-E11E31C88DBD}.Release|Any CPU.ActiveCfg = Release|Any CPU
		{DB38A4DD-4BFF-41A1-9FC7-E11E31C88DBD}.Release|Any CPU.Build.0 = Release|Any CPU
		{4E157EA8-2448-4241-BEA5-F1275E176350}.Debug|Any CPU.ActiveCfg = Debug|Any CPU
		{4E157EA8-2448-4241-BEA5-F1275E176350}.Debug|Any CPU.Build.0 = Debug|Any CPU
		{4E157EA8-2448-4241-BEA5-F1275E176350}.Release|Any CPU.ActiveCfg = Release|Any CPU
		{4E157EA8-2448-4241-BEA5-F1275E176350}.Release|Any CPU.Build.0 = Release|Any CPU
		{762095C6-AC45-4C38-925C-3C4934A279C1}.Debug|Any CPU.ActiveCfg = Debug|Any CPU
		{762095C6-AC45-4C38-925C-3C4934A279C1}.Debug|Any CPU.Build.0 = Debug|Any CPU
		{762095C6-AC45-4C38-925C-3C4934A279C1}.Release|Any CPU.ActiveCfg = Release|Any CPU
		{762095C6-AC45-4C38-925C-3C4934A279C1}.Release|Any CPU.Build.0 = Release|Any CPU
		{3EED2497-824D-4033-B6AD-A4567A29AB41}.Debug|Any CPU.ActiveCfg = Debug|Any CPU
		{3EED2497-824D-4033-B6AD-A4567A29AB41}.Debug|Any CPU.Build.0 = Debug|Any CPU
		{3EED2497-824D-4033-B6AD-A4567A29AB41}.Release|Any CPU.ActiveCfg = Release|Any CPU
		{3EED2497-824D-4033-B6AD-A4567A29AB41}.Release|Any CPU.Build.0 = Release|Any CPU
	EndGlobalSection
	GlobalSection(SolutionProperties) = preSolution
		HideSolutionNode = FALSE
	EndGlobalSection
	GlobalSection(NestedProjects) = preSolution
		{3003F305-84DE-41F7-99D7-A090A9826E72} = {02EA681E-C7D8-13C7-8484-4AC65E1B71E8}
		{FC0EEAE1-AA09-4079-A211-7A98DF121193} = {02EA681E-C7D8-13C7-8484-4AC65E1B71E8}
		{DC78602A-ED2A-4E7C-8B9F-65AF2A02E5D0} = {02EA681E-C7D8-13C7-8484-4AC65E1B71E8}
		{83EA2357-4ADC-41C6-B137-66EA9300ACC4} = {02EA681E-C7D8-13C7-8484-4AC65E1B71E8}
		{3E3418DF-E8AF-4E7F-8BCE-D598A03C60A7} = {302BEB30-DAD6-451C-9D46-CBDE06BCCCD2}
		{8B1709D3-5B9A-4F86-9ABE-EA658E8C3AE3} = {302BEB30-DAD6-451C-9D46-CBDE06BCCCD2}
		{AA063BB7-C649-4E8D-A431-10E40AE9CA3C} = {302BEB30-DAD6-451C-9D46-CBDE06BCCCD2}
		{050988C9-3367-4B7D-90D3-9617610D7E10} = {302BEB30-DAD6-451C-9D46-CBDE06BCCCD2}
		{0A69CA2A-7C61-423B-B638-6A2CCF0488A6} = {302BEB30-DAD6-451C-9D46-CBDE06BCCCD2}
		{64E2815B-808C-4F1B-8155-CF859DCE61D1} = {302BEB30-DAD6-451C-9D46-CBDE06BCCCD2}
		{0F2F79AE-7D2E-46C2-94C6-FCD3C76ABE5A} = {302BEB30-DAD6-451C-9D46-CBDE06BCCCD2}
		{318B4BBA-2F8F-4AA3-ABF3-0B9ABE3ADD4C} = {0334067E-DC3B-48FA-8742-1F90F771D2C4}
		{E46FD569-26C2-40AB-85FF-736F41BD424F} = {0334067E-DC3B-48FA-8742-1F90F771D2C4}
		{54B08C3F-1869-434A-8AF9-CAEC2DAD9DB5} = {0334067E-DC3B-48FA-8742-1F90F771D2C4}
		{3F24B986-FA97-400E-B8D4-BE58C7E451AD} = {0334067E-DC3B-48FA-8742-1F90F771D2C4}
		{F0788BA9-CE5A-4AD0-82BB-2967797BF0E6} = {0334067E-DC3B-48FA-8742-1F90F771D2C4}
		{DB38A4DD-4BFF-41A1-9FC7-E11E31C88DBD} = {0334067E-DC3B-48FA-8742-1F90F771D2C4}
		{4E157EA8-2448-4241-BEA5-F1275E176350} = {0334067E-DC3B-48FA-8742-1F90F771D2C4}
		{762095C6-AC45-4C38-925C-3C4934A279C1} = {0334067E-DC3B-48FA-8742-1F90F771D2C4}
		{3EED2497-824D-4033-B6AD-A4567A29AB41} = {0334067E-DC3B-48FA-8742-1F90F771D2C4}
	EndGlobalSection
	GlobalSection(ExtensibilityGlobals) = postSolution
		SolutionGuid = {AA0288CB-893E-454B-85B4-19E7FAAAB2E0}
	EndGlobalSection
EndGlobal
